PODS:
  - Alamofire (5.8.1)
  - IQKeyboardManagerSwift (6.5.11)
  - SnapKit (5.6.0)
  - SnapKitExtend (1.1.0):
    - SnapKit
  - XYUIKit-Swift (0.0.1)

DEPENDENCIES:
  - Alamofire
  - IQKeyboardManagerSwift
  - SnapKit
  - SnapKitExtend
  - XYUIKit-Swift (from `https://github.com/coderXXY/XYUIKit-Swift.git`, branch `master`)

SPEC REPOS:
  https://mirrors.tuna.tsinghua.edu.cn/git/CocoaPods/Specs.git:
    - Alamofire
    - IQKeyboardManagerSwift
    - SnapKit
    - SnapKitExtend

EXTERNAL SOURCES:
  XYUIKit-Swift:
    :branch: master
    :git: https://github.com/coderXXY/XYUIKit-Swift.git

CHECKOUT OPTIONS:
  XYUIKit-Swift:
    :commit: 11a0912666c7bd9c533ab31649868e55d31d024e
    :git: https://github.com/coderXXY/XYUIKit-Swift.git

SPEC CHECKSUMS:
  Alamofire: 3ca42e259043ee0dc5c0cdd76c4bc568b8e42af7
  IQKeyboardManagerSwift: c7955c0bdbf7b2eb29bb7daaa44e3d90f55a9a85
  SnapKit: e01d52ebb8ddbc333eefe2132acf85c8227d9c25
  SnapKitExtend: aa30cf37196195fae9c4354686cc7710184ebfcc
  XYUIKit-Swift: d6d03ccf3e212181c390207d7774934c0ce1435a

PODFILE CHECKSUM: aea90a0fcf36e36d0f2e7d438e114b1640c8e87c

COCOAPODS: 1.11.3
